
Microsoft Visual Studio Solution File, Format Version 12.00
# Visual Studio 15
VisualStudioVersion = 15.0.28307.779
MinimumVisualStudioVersion = 10.0.40219.1
Project("{FAE04EC0-301F-11D3-BF4B-00C04F79EFBC}") = "CypherH", "CypherH\CypherH.csproj", "{BA626534-5AB8-49A6-8E41-B302312D5314}"
EndProject
Global
	GlobalSection(SolutionConfigurationPlatforms) = preSolution
		Debug|Any CPU = Debug|Any CPU
		Release|Any CPU = Release|Any CPU
	EndGlobalSection
	GlobalSection(ProjectConfigurationPlatforms) = postSolution
		{BA626534-5AB8-49A6-8E41-B302312D5314}.Debug|Any CPU.ActiveCfg = Debug|Any CPU
		{BA626534-5AB8-49A6-8E41-B302312D5314}.Debug|Any CPU.Build.0 = Debug|Any CPU
		{BA626534-5AB8-49A6-8E41-B302312D5314}.Release|Any CPU.ActiveCfg = Release|Any CPU
		{BA626534-5AB8-49A6-8E41-B302312D5314}.Release|Any CPU.Build.0 = Release|Any CPU
	EndGlobalSection
	GlobalSection(SolutionProperties) = preSolution
		HideSolutionNode = FALSE
	EndGlobalSection
	GlobalSection(ExtensibilityGlobals) = postSolution
		SolutionGuid = {5BC8A056-0CEF-44B1-B25C-1F71CCDC0C17}
	EndGlobalSection
EndGlobal
